
Microsoft Visual Studio Solution File, Format Version 12.00
# Visual Studio Version 16
VisualStudioVersion = 16.0.30114.105
MinimumVisualStudioVersion = 10.0.40219.1
Project("{2150E333-8FDC-42A3-9474-1A3956D46DE8}") = "Common", "Common", "{315B570E-37AE-4699-A41E-22E37C9B9A2A}"
EndProject
Project("{9A19103F-16F7-4668-BE54-9A1E7A4F7556}") = "SolutionTemplate.Domain", "Common\SolutionTemplate.Domain\SolutionTemplate.Domain.csproj", "{E1460E4A-8643-4324-A27A-E9E7FF81340E}"
EndProject
Project("{9A19103F-16F7-4668-BE54-9A1E7A4F7556}") = "SolutionTemplate.Domain.Base", "Common\SolutionTemplate.Domain.Base\SolutionTemplate.Domain.Base.csproj", "{271B45AA-804A-4A5F-88D5-27B9EB9FA3C3}"
EndProject
Project("{2150E333-8FDC-42A3-9474-1A3956D46DE8}") = "Data", "Data", "{5BF57877-4D04-43E6-90E5-F2A8873F17B1}"
EndProject
Project("{9A19103F-16F7-4668-BE54-9A1E7A4F7556}") = "SolutionTemplate.DAL", "Data\SolutionTemplate.DAL\SolutionTemplate.DAL.csproj", "{029B4302-E4F3-4AA2-88C7-EFF5AB97CB03}"
EndProject
Project("{9A19103F-16F7-4668-BE54-9A1E7A4F7556}") = "SolutionTemplate.DAL.Entities", "Data\SolutionTemplate.DAL.Entities\SolutionTemplate.DAL.Entities.csproj", "{4B9904F3-728A-4174-AB26-7A4D39798150}"
EndProject
Project("{9A19103F-16F7-4668-BE54-9A1E7A4F7556}") = "SolutionTemplate.DAL.Sqlite", "Data\SolutionTemplate.DAL.Sqlite\SolutionTemplate.DAL.Sqlite.csproj", "{459E1E7B-6EBA-4992-91E1-3E78FD886731}"
EndProject
Project("{9A19103F-16F7-4668-BE54-9A1E7A4F7556}") = "SolutionTemplate.DAL.SqlServer", "Data\SolutionTemplate.DAL.SqlServer\SolutionTemplate.DAL.SqlServer.csproj", "{D8CE6940-E82E-47ED-A6A4-B30A5C47D2D7}"
EndProject
Project("{2150E333-8FDC-42A3-9474-1A3956D46DE8}") = "Services", "Services", "{DC2C866E-624D-4BE2-A22B-AE705F79DBD3}"
EndProject
Project("{9A19103F-16F7-4668-BE54-9A1E7A4F7556}") = "SolutionTemplate.Interfaces", "Services\SolutionTemplate.Interfaces\SolutionTemplate.Interfaces.csproj", "{C533C195-E767-4F9B-9122-D38C5C9F5CFA}"
EndProject
Project("{9A19103F-16F7-4668-BE54-9A1E7A4F7556}") = "SolutionTemplate.Interfaces.Base", "Services\SolutionTemplate.Interfaces.Base\SolutionTemplate.Interfaces.Base.csproj", "{99A851EA-EBEF-49A5-9284-F55386F80E2A}"
EndProject
Project("{9A19103F-16F7-4668-BE54-9A1E7A4F7556}") = "SolutionTemplate.Services", "Services\SolutionTemplate.Services\SolutionTemplate.Services.csproj", "{E513F4CE-2C72-46D3-B4CF-A2E65ED623AD}"
EndProject
Project("{2150E333-8FDC-42A3-9474-1A3956D46DE8}") = "Tests", "Tests", "{AD4C5D54-AABE-4DF7-8D78-62A42AE4BAAC}"
EndProject
Project("{2150E333-8FDC-42A3-9474-1A3956D46DE8}") = "Common", "Common", "{3300EA3F-549C-4F65-AAF0-AE178FB11701}"
EndProject
Project("{9A19103F-16F7-4668-BE54-9A1E7A4F7556}") = "SolutionTemplate.Domain.Tests", "Tests\Common\SolutionTemplate.Domain.Tests\SolutionTemplate.Domain.Tests.csproj", "{4A2D1B88-BD6D-499D-8AE1-FAEA947618C8}"
EndProject
Project("{2150E333-8FDC-42A3-9474-1A3956D46DE8}") = "Services", "Services", "{16AA16BF-846A-4354-A03C-1A5D73FA802E}"
EndProject
Project("{9A19103F-16F7-4668-BE54-9A1E7A4F7556}") = "SolutionTemplate.Services.Tests", "Tests\Services\SolutionTemplate.Services.Tests\SolutionTemplate.Services.Tests.csproj", "{736F6D16-B540-4635-AFBC-25D80DD5954B}"
EndProject
Project("{9A19103F-16F7-4668-BE54-9A1E7A4F7556}") = "SolutionTemplate.TestConsole", "Tests\SolutionTemplate.TestConsole\SolutionTemplate.TestConsole.csproj", "{7F121E33-10E4-42C8-9E0A-2845C88ACE55}"
EndProject
Project("{9A19103F-16F7-4668-BE54-9A1E7A4F7556}") = "SolutionTemplate.TestWPF", "Tests\SolutionTemplate.TestWPF\SolutionTemplate.TestWPF.csproj", "{DE9355ED-46D6-40A5-94CE-1F97DD1A8F3A}"
EndProject
Project("{2150E333-8FDC-42A3-9474-1A3956D46DE8}") = "UI", "UI", "{CCBA0A81-9B1E-4BD9-8C6E-11E0F7F384C7}"
EndProject
Project("{9A19103F-16F7-4668-BE54-9A1E7A4F7556}") = "SolutionTemplate.Domain.Base.Tests", "Tests\Common\SolutionTemplate.Domain.Base.Tests\SolutionTemplate.Domain.Base.Tests.csproj", "{708D8389-A30A-44D8-A50C-4294124AA88B}"
EndProject
Project("{9A19103F-16F7-4668-BE54-9A1E7A4F7556}") = "SolutionTemplate.Interfaces.Tests", "Tests\Services\SolutionTemplate.Interfaces.Tests\SolutionTemplate.Interfaces.Tests.csproj", "{268CB6CB-612D-4CFE-A1FB-B7E1780A7746}"
EndProject
Project("{9A19103F-16F7-4668-BE54-9A1E7A4F7556}") = "SolutionTemplate.Interfaces.Base.Tests", "Tests\Services\SolutionTemplate.Interfaces.Base.Tests\SolutionTemplate.Interfaces.Base.Tests.csproj", "{8E2F776C-D2BB-46CF-8D75-01A161F6AADF}"
EndProject
Project("{9A19103F-16F7-4668-BE54-9A1E7A4F7556}") = "SolutionTemplate.MVC", "UI\SolutionTemplate.MVC\SolutionTemplate.MVC.csproj", "{47BBE3C8-4DAF-4973-B2B7-AA8C92B7E86F}"
EndProject
Global
	GlobalSection(SolutionConfigurationPlatforms) = preSolution
		Debug|Any CPU = Debug|Any CPU
		Debug|x64 = Debug|x64
		Debug|x86 = Debug|x86
		Release|Any CPU = Release|Any CPU
		Release|x64 = Release|x64
		Release|x86 = Release|x86
	EndGlobalSection
	GlobalSection(ProjectConfigurationPlatforms) = postSolution
		{E1460E4A-8643-4324-A27A-E9E7FF81340E}.Debug|Any CPU.ActiveCfg = Debug|Any CPU
		{E1460E4A-8643-4324-A27A-E9E7FF81340E}.Debug|Any CPU.Build.0 = Debug|Any CPU
		{E1460E4A-8643-4324-A27A-E9E7FF81340E}.Debug|x64.ActiveCfg = Debug|Any CPU
		{E1460E4A-8643-4324-A27A-E9E7FF81340E}.Debug|x64.Build.0 = Debug|Any CPU
		{E1460E4A-8643-4324-A27A-E9E7FF81340E}.Debug|x86.ActiveCfg = Debug|Any CPU
		{E1460E4A-8643-4324-A27A-E9E7FF81340E}.Debug|x86.Build.0 = Debug|Any CPU
		{E1460E4A-8643-4324-A27A-E9E7FF81340E}.Release|Any CPU.ActiveCfg = Release|Any CPU
		{E1460E4A-8643-4324-A27A-E9E7FF81340E}.Release|Any CPU.Build.0 = Release|Any CPU
		{E1460E4A-8643-4324-A27A-E9E7FF81340E}.Release|x64.ActiveCfg = Release|Any CPU
		{E1460E4A-8643-4324-A27A-E9E7FF81340E}.Release|x64.Build.0 = Release|Any CPU
		{E1460E4A-8643-4324-A27A-E9E7FF81340E}.Release|x86.ActiveCfg = Release|Any CPU
		{E1460E4A-8643-4324-A27A-E9E7FF81340E}.Release|x86.Build.0 = Release|Any CPU
		{271B45AA-804A-4A5F-88D5-27B9EB9FA3C3}.Debug|Any CPU.ActiveCfg = Debug|Any CPU
		{271B45AA-804A-4A5F-88D5-27B9EB9FA3C3}.Debug|Any CPU.Build.0 = Debug|Any CPU
		{271B45AA-804A-4A5F-88D5-27B9EB9FA3C3}.Debug|x64.ActiveCfg = Debug|Any CPU
		{271B45AA-804A-4A5F-88D5-27B9EB9FA3C3}.Debug|x64.Build.0 = Debug|Any CPU
		{271B45AA-804A-4A5F-88D5-27B9EB9FA3C3}.Debug|x86.ActiveCfg = Debug|Any CPU
		{271B45AA-804A-4A5F-88D5-27B9EB9FA3C3}.Debug|x86.Build.0 = Debug|Any CPU
		{271B45AA-804A-4A5F-88D5-27B9EB9FA3C3}.Release|Any CPU.ActiveCfg = Release|Any CPU
		{271B45AA-804A-4A5F-88D5-27B9EB9FA3C3}.Release|Any CPU.Build.0 = Release|Any CPU
		{271B45AA-804A-4A5F-88D5-27B9EB9FA3C3}.Release|x64.ActiveCfg = Release|Any CPU
		{271B45AA-804A-4A5F-88D5-27B9EB9FA3C3}.Release|x64.Build.0 = Release|Any CPU
		{271B45AA-804A-4A5F-88D5-27B9EB9FA3C3}.Release|x86.ActiveCfg = Release|Any CPU
		{271B45AA-804A-4A5F-88D5-27B9EB9FA3C3}.Release|x86.Build.0 = Release|Any CPU
		{029B4302-E4F3-4AA2-88C7-EFF5AB97CB03}.Debug|Any CPU.ActiveCfg = Debug|Any CPU
		{029B4302-E4F3-4AA2-88C7-EFF5AB97CB03}.Debug|Any CPU.Build.0 = Debug|Any CPU
		{029B4302-E4F3-4AA2-88C7-EFF5AB97CB03}.Debug|x64.ActiveCfg = Debug|Any CPU
		{029B4302-E4F3-4AA2-88C7-EFF5AB97CB03}.Debug|x64.Build.0 = Debug|Any CPU
		{029B4302-E4F3-4AA2-88C7-EFF5AB97CB03}.Debug|x86.ActiveCfg = Debug|Any CPU
		{029B4302-E4F3-4AA2-88C7-EFF5AB97CB03}.Debug|x86.Build.0 = Debug|Any CPU
		{029B4302-E4F3-4AA2-88C7-EFF5AB97CB03}.Release|Any CPU.ActiveCfg = Release|Any CPU
		{029B4302-E4F3-4AA2-88C7-EFF5AB97CB03}.Release|Any CPU.Build.0 = Release|Any CPU
		{029B4302-E4F3-4AA2-88C7-EFF5AB97CB03}.Release|x64.ActiveCfg = Release|Any CPU
		{029B4302-E4F3-4AA2-88C7-EFF5AB97CB03}.Release|x64.Build.0 = Release|Any CPU
		{029B4302-E4F3-4AA2-88C7-EFF5AB97CB03}.Release|x86.ActiveCfg = Release|Any CPU
		{029B4302-E4F3-4AA2-88C7-EFF5AB97CB03}.Release|x86.Build.0 = Release|Any CPU
		{4B9904F3-728A-4174-AB26-7A4D39798150}.Debug|Any CPU.ActiveCfg = Debug|Any CPU
		{4B9904F3-728A-4174-AB26-7A4D39798150}.Debug|Any CPU.Build.0 = Debug|Any CPU
		{4B9904F3-728A-4174-AB26-7A4D39798150}.Debug|x64.ActiveCfg = Debug|Any CPU
		{4B9904F3-728A-4174-AB26-7A4D39798150}.Debug|x64.Build.0 = Debug|Any CPU
		{4B9904F3-728A-4174-AB26-7A4D39798150}.Debug|x86.ActiveCfg = Debug|Any CPU
		{4B9904F3-728A-4174-AB26-7A4D39798150}.Debug|x86.Build.0 = Debug|Any CPU
		{4B9904F3-728A-4174-AB26-7A4D39798150}.Release|Any CPU.ActiveCfg = Release|Any CPU
		{4B9904F3-728A-4174-AB26-7A4D39798150}.Release|Any CPU.Build.0 = Release|Any CPU
		{4B9904F3-728A-4174-AB26-7A4D39798150}.Release|x64.ActiveCfg = Release|Any CPU
		{4B9904F3-728A-4174-AB26-7A4D39798150}.Release|x64.Build.0 = Release|Any CPU
		{4B9904F3-728A-4174-AB26-7A4D39798150}.Release|x86.ActiveCfg = Release|Any CPU
		{4B9904F3-728A-4174-AB26-7A4D39798150}.Release|x86.Build.0 = Release|Any CPU
		{459E1E7B-6EBA-4992-91E1-3E78FD886731}.Debug|Any CPU.ActiveCfg = Debug|Any CPU
		{459E1E7B-6EBA-4992-91E1-3E78FD886731}.Debug|Any CPU.Build.0 = Debug|Any CPU
		{459E1E7B-6EBA-4992-91E1-3E78FD886731}.Debug|x64.ActiveCfg = Debug|Any CPU
		{459E1E7B-6EBA-4992-91E1-3E78FD886731}.Debug|x64.Build.0 = Debug|Any CPU
		{459E1E7B-6EBA-4992-91E1-3E78FD886731}.Debug|x86.ActiveCfg = Debug|Any CPU
		{459E1E7B-6EBA-4992-91E1-3E78FD886731}.Debug|x86.Build.0 = Debug|Any CPU
		{459E1E7B-6EBA-4992-91E1-3E78FD886731}.Release|Any CPU.ActiveCfg = Release|Any CPU
		{459E1E7B-6EBA-4992-91E1-3E78FD886731}.Release|Any CPU.Build.0 = Release|Any CPU
		{459E1E7B-6EBA-4992-91E1-3E78FD886731}.Release|x64.ActiveCfg = Release|Any CPU
		{459E1E7B-6EBA-4992-91E1-3E78FD886731}.Release|x64.Build.0 = Release|Any CPU
		{459E1E7B-6EBA-4992-91E1-3E78FD886731}.Release|x86.ActiveCfg = Release|Any CPU
		{459E1E7B-6EBA-4992-91E1-3E78FD886731}.Release|x86.Build.0 = Release|Any CPU
		{D8CE6940-E82E-47ED-A6A4-B30A5C47D2D7}.Debug|Any CPU.ActiveCfg = Debug|Any CPU
		{D8CE6940-E82E-47ED-A6A4-B30A5C47D2D7}.Debug|Any CPU.Build.0 = Debug|Any CPU
		{D8CE6940-E82E-47ED-A6A4-B30A5C47D2D7}.Debug|x64.ActiveCfg = Debug|Any CPU
		{D8CE6940-E82E-47ED-A6A4-B30A5C47D2D7}.Debug|x64.Build.0 = Debug|Any CPU
		{D8CE6940-E82E-47ED-A6A4-B30A5C47D2D7}.Debug|x86.ActiveCfg = Debug|Any CPU
		{D8CE6940-E82E-47ED-A6A4-B30A5C47D2D7}.Debug|x86.Build.0 = Debug|Any CPU
		{D8CE6940-E82E-47ED-A6A4-B30A5C47D2D7}.Release|Any CPU.ActiveCfg = Release|Any CPU
		{D8CE6940-E82E-47ED-A6A4-B30A5C47D2D7}.Release|Any CPU.Build.0 = Release|Any CPU
		{D8CE6940-E82E-47ED-A6A4-B30A5C47D2D7}.Release|x64.ActiveCfg = Release|Any CPU
		{D8CE6940-E82E-47ED-A6A4-B30A5C47D2D7}.Release|x64.Build.0 = Release|Any CPU
		{D8CE6940-E82E-47ED-A6A4-B30A5C47D2D7}.Release|x86.ActiveCfg = Release|Any CPU
		{D8CE6940-E82E-47ED-A6A4-B30A5C47D2D7}.Release|x86.Build.0 = Release|Any CPU
		{C533C195-E767-4F9B-9122-D38C5C9F5CFA}.Debug|Any CPU.ActiveCfg = Debug|Any CPU
		{C533C195-E767-4F9B-9122-D38C5C9F5CFA}.Debug|Any CPU.Build.0 = Debug|Any CPU
		{C533C195-E767-4F9B-9122-D38C5C9F5CFA}.Debug|x64.ActiveCfg = Debug|Any CPU
		{C533C195-E767-4F9B-9122-D38C5C9F5CFA}.Debug|x64.Build.0 = Debug|Any CPU
		{C533C195-E767-4F9B-9122-D38C5C9F5CFA}.Debug|x86.ActiveCfg = Debug|Any CPU
		{C533C195-E767-4F9B-9122-D38C5C9F5CFA}.Debug|x86.Build.0 = Debug|Any CPU
		{C533C195-E767-4F9B-9122-D38C5C9F5CFA}.Release|Any CPU.ActiveCfg = Release|Any CPU
		{C533C195-E767-4F9B-9122-D38C5C9F5CFA}.Release|Any CPU.Build.0 = Release|Any CPU
		{C533C195-E767-4F9B-9122-D38C5C9F5CFA}.Release|x64.ActiveCfg = Release|Any CPU
		{C533C195-E767-4F9B-9122-D38C5C9F5CFA}.Release|x64.Build.0 = Release|Any CPU
		{C533C195-E767-4F9B-9122-D38C5C9F5CFA}.Release|x86.ActiveCfg = Release|Any CPU
		{C533C195-E767-4F9B-9122-D38C5C9F5CFA}.Release|x86.Build.0 = Release|Any CPU
		{99A851EA-EBEF-49A5-9284-F55386F80E2A}.Debug|Any CPU.ActiveCfg = Debug|Any CPU
		{99A851EA-EBEF-49A5-9284-F55386F80E2A}.Debug|Any CPU.Build.0 = Debug|Any CPU
		{99A851EA-EBEF-49A5-9284-F55386F80E2A}.Debug|x64.ActiveCfg = Debug|Any CPU
		{99A851EA-EBEF-49A5-9284-F55386F80E2A}.Debug|x64.Build.0 = Debug|Any CPU
		{99A851EA-EBEF-49A5-9284-F55386F80E2A}.Debug|x86.ActiveCfg = Debug|Any CPU
		{99A851EA-EBEF-49A5-9284-F55386F80E2A}.Debug|x86.Build.0 = Debug|Any CPU
		{99A851EA-EBEF-49A5-9284-F55386F80E2A}.Release|Any CPU.ActiveCfg = Release|Any CPU
		{99A851EA-EBEF-49A5-9284-F55386F80E2A}.Release|Any CPU.Build.0 = Release|Any CPU
		{99A851EA-EBEF-49A5-9284-F55386F80E2A}.Release|x64.ActiveCfg = Release|Any CPU
		{99A851EA-EBEF-49A5-9284-F55386F80E2A}.Release|x64.Build.0 = Release|Any CPU
		{99A851EA-EBEF-49A5-9284-F55386F80E2A}.Release|x86.ActiveCfg = Release|Any CPU
		{99A851EA-EBEF-49A5-9284-F55386F80E2A}.Release|x86.Build.0 = Release|Any CPU
		{E513F4CE-2C72-46D3-B4CF-A2E65ED623AD}.Debug|Any CPU.ActiveCfg = Debug|Any CPU
		{E513F4CE-2C72-46D3-B4CF-A2E65ED623AD}.Debug|Any CPU.Build.0 = Debug|Any CPU
		{E513F4CE-2C72-46D3-B4CF-A2E65ED623AD}.Debug|x64.ActiveCfg = Debug|Any CPU
		{E513F4CE-2C72-46D3-B4CF-A2E65ED623AD}.Debug|x64.Build.0 = Debug|Any CPU
		{E513F4CE-2C72-46D3-B4CF-A2E65ED623AD}.Debug|x86.ActiveCfg = Debug|Any CPU
		{E513F4CE-2C72-46D3-B4CF-A2E65ED623AD}.Debug|x86.Build.0 = Debug|Any CPU
		{E513F4CE-2C72-46D3-B4CF-A2E65ED623AD}.Release|Any CPU.ActiveCfg = Release|Any CPU
		{E513F4CE-2C72-46D3-B4CF-A2E65ED623AD}.Release|Any CPU.Build.0 = Release|Any CPU
		{E513F4CE-2C72-46D3-B4CF-A2E65ED623AD}.Release|x64.ActiveCfg = Release|Any CPU
		{E513F4CE-2C72-46D3-B4CF-A2E65ED623AD}.Release|x64.Build.0 = Release|Any CPU
		{E513F4CE-2C72-46D3-B4CF-A2E65ED623AD}.Release|x86.ActiveCfg = Release|Any CPU
		{E513F4CE-2C72-46D3-B4CF-A2E65ED623AD}.Release|x86.Build.0 = Release|Any CPU
		{4A2D1B88-BD6D-499D-8AE1-FAEA947618C8}.Debug|Any CPU.ActiveCfg = Debug|Any CPU
		{4A2D1B88-BD6D-499D-8AE1-FAEA947618C8}.Debug|Any CPU.Build.0 = Debug|Any CPU
		{4A2D1B88-BD6D-499D-8AE1-FAEA947618C8}.Debug|x64.ActiveCfg = Debug|Any CPU
		{4A2D1B88-BD6D-499D-8AE1-FAEA947618C8}.Debug|x64.Build.0 = Debug|Any CPU
		{4A2D1B88-BD6D-499D-8AE1-FAEA947618C8}.Debug|x86.ActiveCfg = Debug|Any CPU
		{4A2D1B88-BD6D-499D-8AE1-FAEA947618C8}.Debug|x86.Build.0 = Debug|Any CPU
		{4A2D1B88-BD6D-499D-8AE1-FAEA947618C8}.Release|Any CPU.ActiveCfg = Release|Any CPU
		{4A2D1B88-BD6D-499D-8AE1-FAEA947618C8}.Release|Any CPU.Build.0 = Release|Any CPU
		{4A2D1B88-BD6D-499D-8AE1-FAEA947618C8}.Release|x64.ActiveCfg = Release|Any CPU
		{4A2D1B88-BD6D-499D-8AE1-FAEA947618C8}.Release|x64.Build.0 = Release|Any CPU
		{4A2D1B88-BD6D-499D-8AE1-FAEA947618C8}.Release|x86.ActiveCfg = Release|Any CPU
		{4A2D1B88-BD6D-499D-8AE1-FAEA947618C8}.Release|x86.Build.0 = Release|Any CPU
		{736F6D16-B540-4635-AFBC-25D80DD5954B}.Debug|Any CPU.ActiveCfg = Debug|Any CPU
		{736F6D16-B540-4635-AFBC-25D80DD5954B}.Debug|Any CPU.Build.0 = Debug|Any CPU
		{736F6D16-B540-4635-AFBC-25D80DD5954B}.Debug|x64.ActiveCfg = Debug|Any CPU
		{736F6D16-B540-4635-AFBC-25D80DD5954B}.Debug|x64.Build.0 = Debug|Any CPU
		{736F6D16-B540-4635-AFBC-25D80DD5954B}.Debug|x86.ActiveCfg = Debug|Any CPU
		{736F6D16-B540-4635-AFBC-25D80DD5954B}.Debug|x86.Build.0 = Debug|Any CPU
		{736F6D16-B540-4635-AFBC-25D80DD5954B}.Release|Any CPU.ActiveCfg = Release|Any CPU
		{736F6D16-B540-4635-AFBC-25D80DD5954B}.Release|Any CPU.Build.0 = Release|Any CPU
		{736F6D16-B540-4635-AFBC-25D80DD5954B}.Release|x64.ActiveCfg = Release|Any CPU
		{736F6D16-B540-4635-AFBC-25D80DD5954B}.Release|x64.Build.0 = Release|Any CPU
		{736F6D16-B540-4635-AFBC-25D80DD5954B}.Release|x86.ActiveCfg = Release|Any CPU
		{736F6D16-B540-4635-AFBC-25D80DD5954B}.Release|x86.Build.0 = Release|Any CPU
		{7F121E33-10E4-42C8-9E0A-2845C88ACE55}.Debug|Any CPU.ActiveCfg = Debug|Any CPU
		{7F121E33-10E4-42C8-9E0A-2845C88ACE55}.Debug|Any CPU.Build.0 = Debug|Any CPU
		{7F121E33-10E4-42C8-9E0A-2845C88ACE55}.Debug|x64.ActiveCfg = Debug|Any CPU
		{7F121E33-10E4-42C8-9E0A-2845C88ACE55}.Debug|x64.Build.0 = Debug|Any CPU
		{7F121E33-10E4-42C8-9E0A-2845C88ACE55}.Debug|x86.ActiveCfg = Debug|Any CPU
		{7F121E33-10E4-42C8-9E0A-2845C88ACE55}.Debug|x86.Build.0 = Debug|Any CPU
		{7F121E33-10E4-42C8-9E0A-2845C88ACE55}.Release|Any CPU.ActiveCfg = Release|Any CPU
		{7F121E33-10E4-42C8-9E0A-2845C88ACE55}.Release|Any CPU.Build.0 = Release|Any CPU
		{7F121E33-10E4-42C8-9E0A-2845C88ACE55}.Release|x64.ActiveCfg = Release|Any CPU
		{7F121E33-10E4-42C8-9E0A-2845C88ACE55}.Release|x64.Build.0 = Release|Any CPU
		{7F121E33-10E4-42C8-9E0A-2845C88ACE55}.Release|x86.ActiveCfg = Release|Any CPU
		{7F121E33-10E4-42C8-9E0A-2845C88ACE55}.Release|x86.Build.0 = Release|Any CPU
		{DE9355ED-46D6-40A5-94CE-1F97DD1A8F3A}.Debug|Any CPU.ActiveCfg = Debug|Any CPU
		{DE9355ED-46D6-40A5-94CE-1F97DD1A8F3A}.Debug|Any CPU.Build.0 = Debug|Any CPU
		{DE9355ED-46D6-40A5-94CE-1F97DD1A8F3A}.Debug|x64.ActiveCfg = Debug|Any CPU
		{DE9355ED-46D6-40A5-94CE-1F97DD1A8F3A}.Debug|x64.Build.0 = Debug|Any CPU
		{DE9355ED-46D6-40A5-94CE-1F97DD1A8F3A}.Debug|x86.ActiveCfg = Debug|Any CPU
		{DE9355ED-46D6-40A5-94CE-1F97DD1A8F3A}.Debug|x86.Build.0 = Debug|Any CPU
		{DE9355ED-46D6-40A5-94CE-1F97DD1A8F3A}.Release|Any CPU.ActiveCfg = Release|Any CPU
		{DE9355ED-46D6-40A5-94CE-1F97DD1A8F3A}.Release|Any CPU.Build.0 = Release|Any CPU
		{DE9355ED-46D6-40A5-94CE-1F97DD1A8F3A}.Release|x64.ActiveCfg = Release|Any CPU
		{DE9355ED-46D6-40A5-94CE-1F97DD1A8F3A}.Release|x64.Build.0 = Release|Any CPU
		{DE9355ED-46D6-40A5-94CE-1F97DD1A8F3A}.Release|x86.ActiveCfg = Release|Any CPU
		{DE9355ED-46D6-40A5-94CE-1F97DD1A8F3A}.Release|x86.Build.0 = Release|Any CPU
		{708D8389-A30A-44D8-A50C-4294124AA88B}.Debug|Any CPU.ActiveCfg = Debug|Any CPU
		{708D8389-A30A-44D8-A50C-4294124AA88B}.Debug|Any CPU.Build.0 = Debug|Any CPU
		{708D8389-A30A-44D8-A50C-4294124AA88B}.Debug|x64.ActiveCfg = Debug|Any CPU
		{708D8389-A30A-44D8-A50C-4294124AA88B}.Debug|x64.Build.0 = Debug|Any CPU
		{708D8389-A30A-44D8-A50C-4294124AA88B}.Debug|x86.ActiveCfg = Debug|Any CPU
		{708D8389-A30A-44D8-A50C-4294124AA88B}.Debug|x86.Build.0 = Debug|Any CPU
		{708D8389-A30A-44D8-A50C-4294124AA88B}.Release|Any CPU.ActiveCfg = Release|Any CPU
		{708D8389-A30A-44D8-A50C-4294124AA88B}.Release|Any CPU.Build.0 = Release|Any CPU
		{708D8389-A30A-44D8-A50C-4294124AA88B}.Release|x64.ActiveCfg = Release|Any CPU
		{708D8389-A30A-44D8-A50C-4294124AA88B}.Release|x64.Build.0 = Release|Any CPU
		{708D8389-A30A-44D8-A50C-4294124AA88B}.Release|x86.ActiveCfg = Release|Any CPU
		{708D8389-A30A-44D8-A50C-4294124AA88B}.Release|x86.Build.0 = Release|Any CPU
		{268CB6CB-612D-4CFE-A1FB-B7E1780A7746}.Debug|Any CPU.ActiveCfg = Debug|Any CPU
		{268CB6CB-612D-4CFE-A1FB-B7E1780A7746}.Debug|Any CPU.Build.0 = Debug|Any CPU
		{268CB6CB-612D-4CFE-A1FB-B7E1780A7746}.Debug|x64.ActiveCfg = Debug|Any CPU
		{268CB6CB-612D-4CFE-A1FB-B7E1780A7746}.Debug|x64.Build.0 = Debug|Any CPU
		{268CB6CB-612D-4CFE-A1FB-B7E1780A7746}.Debug|x86.ActiveCfg = Debug|Any CPU
		{268CB6CB-612D-4CFE-A1FB-B7E1780A7746}.Debug|x86.Build.0 = Debug|Any CPU
		{268CB6CB-612D-4CFE-A1FB-B7E1780A7746}.Release|Any CPU.ActiveCfg = Release|Any CPU
		{268CB6CB-612D-4CFE-A1FB-B7E1780A7746}.Release|Any CPU.Build.0 = Release|Any CPU
		{268CB6CB-612D-4CFE-A1FB-B7E1780A7746}.Release|x64.ActiveCfg = Release|Any CPU
		{268CB6CB-612D-4CFE-A1FB-B7E1780A7746}.Release|x64.Build.0 = Release|Any CPU
		{268CB6CB-612D-4CFE-A1FB-B7E1780A7746}.Release|x86.ActiveCfg = Release|Any CPU
		{268CB6CB-612D-4CFE-A1FB-B7E1780A7746}.Release|x86.Build.0 = Release|Any CPU
		{8E2F776C-D2BB-46CF-8D75-01A161F6AADF}.Debug|Any CPU.ActiveCfg = Debug|Any CPU
		{8E2F776C-D2BB-46CF-8D75-01A161F6AADF}.Debug|Any CPU.Build.0 = Debug|Any CPU
		{8E2F776C-D2BB-46CF-8D75-01A161F6AADF}.Debug|x64.ActiveCfg = Debug|Any CPU
		{8E2F776C-D2BB-46CF-8D75-01A161F6AADF}.Debug|x64.Build.0 = Debug|Any CPU
		{8E2F776C-D2BB-46CF-8D75-01A161F6AADF}.Debug|x86.ActiveCfg = Debug|Any CPU
		{8E2F776C-D2BB-46CF-8D75-01A161F6AADF}.Debug|x86.Build.0 = Debug|Any CPU
		{8E2F776C-D2BB-46CF-8D75-01A161F6AADF}.Release|Any CPU.ActiveCfg = Release|Any CPU
		{8E2F776C-D2BB-46CF-8D75-01A161F6AADF}.Release|Any CPU.Build.0 = Release|Any CPU
		{8E2F776C-D2BB-46CF-8D75-01A161F6AADF}.Release|x64.ActiveCfg = Release|Any CPU
		{8E2F776C-D2BB-46CF-8D75-01A161F6AADF}.Release|x64.Build.0 = Release|Any CPU
		{8E2F776C-D2BB-46CF-8D75-01A161F6AADF}.Release|x86.ActiveCfg = Release|Any CPU
		{8E2F776C-D2BB-46CF-8D75-01A161F6AADF}.Release|x86.Build.0 = Release|Any CPU
		{47BBE3C8-4DAF-4973-B2B7-AA8C92B7E86F}.Debug|Any CPU.ActiveCfg = Debug|Any CPU
		{47BBE3C8-4DAF-4973-B2B7-AA8C92B7E86F}.Debug|Any CPU.Build.0 = Debug|Any CPU
		{47BBE3C8-4DAF-4973-B2B7-AA8C92B7E86F}.Debug|x64.ActiveCfg = Debug|Any CPU
		{47BBE3C8-4DAF-4973-B2B7-AA8C92B7E86F}.Debug|x64.Build.0 = Debug|Any CPU
		{47BBE3C8-4DAF-4973-B2B7-AA8C92B7E86F}.Debug|x86.ActiveCfg = Debug|Any CPU
		{47BBE3C8-4DAF-4973-B2B7-AA8C92B7E86F}.Debug|x86.Build.0 = Debug|Any CPU
		{47BBE3C8-4DAF-4973-B2B7-AA8C92B7E86F}.Release|Any CPU.ActiveCfg = Release|Any CPU
		{47BBE3C8-4DAF-4973-B2B7-AA8C92B7E86F}.Release|Any CPU.Build.0 = Release|Any CPU
		{47BBE3C8-4DAF-4973-B2B7-AA8C92B7E86F}.Release|x64.ActiveCfg = Release|Any CPU
		{47BBE3C8-4DAF-4973-B2B7-AA8C92B7E86F}.Release|x64.Build.0 = Release|Any CPU
		{47BBE3C8-4DAF-4973-B2B7-AA8C92B7E86F}.Release|x86.ActiveCfg = Release|Any CPU
		{47BBE3C8-4DAF-4973-B2B7-AA8C92B7E86F}.Release|x86.Build.0 = Release|Any CPU
	EndGlobalSection
	GlobalSection(SolutionProperties) = preSolution
		HideSolutionNode = FALSE
	EndGlobalSection
	GlobalSection(NestedProjects) = preSolution
		{E1460E4A-8643-4324-A27A-E9E7FF81340E} = {315B570E-37AE-4699-A41E-22E37C9B9A2A}
		{271B45AA-804A-4A5F-88D5-27B9EB9FA3C3} = {315B570E-37AE-4699-A41E-22E37C9B9A2A}
		{029B4302-E4F3-4AA2-88C7-EFF5AB97CB03} = {5BF57877-4D04-43E6-90E5-F2A8873F17B1}
		{4B9904F3-728A-4174-AB26-7A4D39798150} = {5BF57877-4D04-43E6-90E5-F2A8873F17B1}
		{459E1E7B-6EBA-4992-91E1-3E78FD886731} = {5BF57877-4D04-43E6-90E5-F2A8873F17B1}
		{D8CE6940-E82E-47ED-A6A4-B30A5C47D2D7} = {5BF57877-4D04-43E6-90E5-F2A8873F17B1}
		{C533C195-E767-4F9B-9122-D38C5C9F5CFA} = {DC2C866E-624D-4BE2-A22B-AE705F79DBD3}
		{99A851EA-EBEF-49A5-9284-F55386F80E2A} = {DC2C866E-624D-4BE2-A22B-AE705F79DBD3}
		{E513F4CE-2C72-46D3-B4CF-A2E65ED623AD} = {DC2C866E-624D-4BE2-A22B-AE705F79DBD3}
		{3300EA3F-549C-4F65-AAF0-AE178FB11701} = {AD4C5D54-AABE-4DF7-8D78-62A42AE4BAAC}
		{4A2D1B88-BD6D-499D-8AE1-FAEA947618C8} = {3300EA3F-549C-4F65-AAF0-AE178FB11701}
		{16AA16BF-846A-4354-A03C-1A5D73FA802E} = {AD4C5D54-AABE-4DF7-8D78-62A42AE4BAAC}
		{736F6D16-B540-4635-AFBC-25D80DD5954B} = {16AA16BF-846A-4354-A03C-1A5D73FA802E}
		{7F121E33-10E4-42C8-9E0A-2845C88ACE55} = {AD4C5D54-AABE-4DF7-8D78-62A42AE4BAAC}
		{DE9355ED-46D6-40A5-94CE-1F97DD1A8F3A} = {AD4C5D54-AABE-4DF7-8D78-62A42AE4BAAC}
		{708D8389-A30A-44D8-A50C-4294124AA88B} = {3300EA3F-549C-4F65-AAF0-AE178FB11701}
		{268CB6CB-612D-4CFE-A1FB-B7E1780A7746} = {16AA16BF-846A-4354-A03C-1A5D73FA802E}
		{8E2F776C-D2BB-46CF-8D75-01A161F6AADF} = {16AA16BF-846A-4354-A03C-1A5D73FA802E}
		{47BBE3C8-4DAF-4973-B2B7-AA8C92B7E86F} = {CCBA0A81-9B1E-4BD9-8C6E-11E0F7F384C7}
	EndGlobalSection
	GlobalSection(ExtensibilityGlobals) = postSolution
		SolutionGuid = {3079DDF0-1F51-4BD3-9C7C-33C6C902A210}
	EndGlobalSection
EndGlobal
